LICENCIA PROPIETARIA — TODOS LOS DERECHOS RESERVADOS

Copyright (c) 2026 [TITULAR DE LOS DERECHOS]

Este software, junto con su codigo fuente, documentacion, disenos, prototipos y
materiales asociados (en adelante "el Software"), es propiedad exclusiva de su
titular y se encuentra protegido por las leyes de derechos de autor de la
Republica de Colombia (Ley 23 de 1982 y Decision Andina 351 de 1993), asi como
por los tratados internacionales aplicables.

Queda estrictamente prohibido, sin la autorizacion previa, expresa y por escrito
del titular:

  1. Copiar, reproducir o distribuir, total o parcialmente, el Software.
  2. Modificar, adaptar, traducir o crear obras derivadas del Software.
  3. Sublicenciar, vender, arrendar, ceder o explotar comercialmente el Software.
  4. Realizar ingenieria inversa, descompilar o desensamblar el Software.

El acceso a este repositorio no concede al usuario ningun derecho de propiedad
ni licencia de uso distinto de los que el titular autorice expresamente.

Para solicitudes de licenciamiento o uso comercial, contactar al titular de los
derechos.
